// !$*UTF8*$!
{
	archiveVersion = 1;
	classes = {
	};
	objectVersion = 46;
	objects = {

/* Begin PBXBuildFile section */
		D0DC21B019DC6F9900869989 /* AppDelegate.swift in Sources */ = {isa = PBXBuildFile; fileRef = D0DC21AF19DC6F9900869989 /* AppDelegate.swift */; };
		D0DC21B219DC6F9900869989 /* ViewController.swift in Sources */ = {isa = PBXBuildFile; fileRef = D0DC21B119DC6F9900869989 /* ViewController.swift */; };
		D0DC21B519DC6F9900869989 /* Main.storyboard in Resources */ = {isa = PBXBuildFile; fileRef = D0DC21B319DC6F9900869989 /* Main.storyboard */; };
		D0DC21B719DC6F9900869989 /* Images.xcassets in Resources */ = {isa = PBXBuildFile; fileRef = D0DC21B619DC6F9900869989 /* Images.xcassets */; };
		D0DC21BA19DC6F9900869989 /* LaunchScreen.xib in Resources */ = {isa = PBXBuildFile; fileRef = D0DC21B819DC6F9900869989 /* LaunchScreen.xib */; };
		D0DC21C619DC6F9900869989 /* MySafariTests.swift in Sources */ = {isa = PBXBuildFile; fileRef = D0DC21C519DC6F9900869989 /* MySafariTests.swift */; };
/* End PBXBuildFile section */

/* Begin PBXContainerItemProxy section */
		D0DC21C019DC6F9900869989 /* PBXContainerItemProxy */ = {
			isa = PBXContainerItemProxy;
			containerPortal = D0DC21A219DC6F9900869989 /* Project object */;
			proxyType = 1;
			remoteGlobalIDString = D0DC21A919DC6F9900869989;
			remoteInfo = MySafari;
		};
/* End PBXContainerItemProxy section */

/* Begin PBXFileReference section */
		D0DC21AA19DC6F9900869989 /* MySafari.app */ = {isa = PBXFileReference; explicitFileType = wrapper.application; includeInIndex = 0; path = MySafari.app; sourceTree = BUILT_PRODUCTS_DIR; };
		D0DC21AE19DC6F9900869989 /* Info.plist */ = {isa = PBXFileReference; lastKnownFileType = text.plist.xml; path = Info.plist; sourceTree = "<group>"; };
		D0DC21AF19DC6F9900869989 /* AppDelegate.swift */ = {isa = PBXFileReference; lastKnownFileType = sourcecode.swift; path = AppDelegate.swift; sourceTree = "<group>"; };
		D0DC21B119DC6F9900869989 /* ViewController.swift */ = {isa = PBXFileReference; lastKnownFileType = sourcecode.swift; path = ViewController.swift; sourceTree = "<group>"; };
		D0DC21B419DC6F9900869989 /* Base */ = {isa = PBXFileReference; lastKnownFileType = file.storyboard; name = Base; path = Base.lproj/Main.storyboard; sourceTree = "<group>"; };
		D0DC21B619DC6F9900869989 /* Images.xcassets */ = {isa = PBXFileReference; lastKnownFileType = folder.assetcatalog; path = Images.xcassets; sourceTree = "<group>"; };
		D0DC21B919DC6F9900869989 /* Base */ = {isa = PBXFileReference; lastKnownFileType = file.xib; name = Base; path = Base.lproj/LaunchScreen.xib; sourceTree = "<group>"; };
		D0DC21BF19DC6F9900869989 /* MySafariTests.xctest */ = {isa = PBXFileReference; explicitFileType = wrapper.cfbundle; includeInIndex = 0; path = MySafariTests.xctest; sourceTree = BUILT_PRODUCTS_DIR; };
		D0DC21C419DC6F9900869989 /* Info.plist */ = {isa = PBXFileReference; lastKnownFileType = text.plist.xml; path = Info.plist; sourceTree = "<group>"; };
		D0DC21C519DC6F9900869989 /* MySafariTests.swift */ = {isa = PBXFileReference; lastKnownFileType = sourcecode.swift; path = MySafariTests.swift; sourceTree = "<group>"; };
/* End PBXFileReference section */

/* Begin PBXFrameworksBuildPhase section */
		D0DC21A719DC6F9900869989 /* Frameworks */ = {
			isa = PBXFrameworksBuildPhase;
			buildActionMask = 2147483647;
			files = (
			);
			runOnlyForDeploymentPostprocessing = 0;
		};
		D0DC21BC19DC6F9900869989 /* Frameworks */ = {
			isa = PBXFrameworksBuildPhase;
			buildActionMask = 2147483647;
			files = (
			);
			runOnlyForDeploymentPostprocessing = 0;
		};
/* End PBXFrameworksBuildPhase section */

/* Begin PBXGroup section */
		D0DC21A119DC6F9900869989 = {
			isa = PBXGroup;
			children = (
				D0DC21AC19DC6F9900869989 /* MySafari */,
				D0DC21C219DC6F9900869989 /* MySafariTests */,
				D0DC21AB19DC6F9900869989 /* Products */,
			);
			sourceTree = "<group>";
		};
		D0DC21AB19DC6F9900869989 /* Products */ = {
			isa = PBXGroup;
			children = (
				D0DC21AA19DC6F9900869989 /* MySafari.app */,
				D0DC21BF19DC6F9900869989 /* MySafariTests.xctest */,
			);
			name = Products;
			sourceTree = "<group>";
		};
		D0DC21AC19DC6F9900869989 /* MySafari */ = {
			isa = PBXGroup;
			children = (
				D0DC21AF19DC6F9900869989 /* AppDelegate.swift */,
				D0DC21B119DC6F9900869989 /* ViewController.swift */,
				D0DC21B319DC6F9900869989 /* Main.storyboard */,
				D0DC21B619DC6F9900869989 /* Images.xcassets */,
				D0DC21B819DC6F9900869989 /* LaunchScreen.xib */,
				D0DC21AD19DC6F9900869989 /* Supporting Files */,
			);
			path = MySafari;
			sourceTree = "<group>";
		};
		D0DC21AD19DC6F9900869989 /* Supporting Files */ = {
			isa = PBXGroup;
			children = (
				D0DC21AE19DC6F9900869989 /* Info.plist */,
			);
			name = "Supporting Files";
			sourceTree = "<group>";
		};
		D0DC21C219DC6F9900869989 /* MySafariTests */ = {
			isa = PBXGroup;
			children = (
				D0DC21C519DC6F9900869989 /* MySafariTests.swift */,
				D0DC21C319DC6F9900869989 /* Supporting Files */,
			);
			path = MySafariTests;
			sourceTree = "<group>";
		};
		D0DC21C319DC6F9900869989 /* Supporting Files */ = {
			isa = PBXGroup;
			children = (
				D0DC21C419DC6F9900869989 /* Info.plist */,
			);
			name = "Supporting Files";
			sourceTree = "<group>";
		};
/* End PBXGroup section */

/* Begin PBXNativeTarget section */
		D0DC21A919DC6F9900869989 /* MySafari */ = {
			isa = PBXNativeTarget;
			buildConfigurationList = D0DC21C919DC6F9900869989 /* Build configuration list for PBXNativeTarget "MySafari" */;
			buildPhases = (
				D0DC21A619DC6F9900869989 /* Sources */,
				D0DC21A719DC6F9900869989 /* Frameworks */,
				D0DC21A819DC6F9900869989 /* Resources */,
			);
			buildRules = (
			);
			dependencies = (
			);
			name = MySafari;
			productName = MySafari;
			productReference = D0DC21AA19DC6F9900869989 /* MySafari.app */;
			productType = "com.apple.product-type.application";
		};
		D0DC21BE19DC6F9900869989 /* MySafariTests */ = {
			isa = PBXNativeTarget;
			buildConfigurationList = D0DC21CC19DC6F9900869989 /* Build configuration list for PBXNativeTarget "MySafariTests" */;
			buildPhases = (
				D0DC21BB19DC6F9900869989 /* Sources */,
				D0DC21BC19DC6F9900869989 /* Frameworks */,
				D0DC21BD19DC6F9900869989 /* Resources */,
			);
			buildRules = (
			);
			dependencies = (
				D0DC21C119DC6F9900869989 /* PBXTargetDependency */,
			);
			name = MySafariTests;
			productName = MySafariTests;
			productReference = D0DC21BF19DC6F9900869989 /* MySafariTests.xctest */;
			productType = "com.apple.product-type.bundle.unit-test";
		};
/* End PBXNativeTarget section */

/* Begin PBXProject section */
		D0DC21A219DC6F9900869989 /* Project object */ = {
			isa = PBXProject;
			attributes = {
				LastUpgradeCheck = 0600;
				ORGANIZATIONNAME = "Peter Hitchcock";
				TargetAttributes = {
					D0DC21A919DC6F9900869989 = {
						CreatedOnToolsVersion = 6.0.1;
					};
					D0DC21BE19DC6F9900869989 = {
						CreatedOnToolsVersion = 6.0.1;
						TestTargetID = D0DC21A919DC6F9900869989;
					};
				};
			};
			buildConfigurationList = D0DC21A519DC6F9900869989 /* Build configuration list for PBXProject "MySafari" */;
			compatibilityVersion = "Xcode 3.2";
			developmentRegion = English;
			hasScannedForEncodings = 0;
			knownRegions = (
				en,
				Base,
			);
			mainGroup = D0DC21A119DC6F9900869989;
			productRefGroup = D0DC21AB19DC6F9900869989 /* Products */;
			projectDirPath = "";
			projectRoot = "";
			targets = (
				D0DC21A919DC6F9900869989 /* MySafari */,
				D0DC21BE19DC6F9900869989 /* MySafariTests */,
			);
		};
/* End PBXProject section */

/* Begin PBXResourcesBuildPhase section */
		D0DC21A819DC6F9900869989 /* Resources */ = {
			isa = PBXResourcesBuildPhase;
			buildActionMask = 2147483647;
			files = (
				D0DC21B519DC6F9900869989 /* Main.storyboard in Resources */,
				D0DC21BA19DC6F9900869989 /* LaunchScreen.xib in Resources */,
				D0DC21B719DC6F9900869989 /* Images.xcassets in Resources */,
			);
			runOnlyForDeploymentPostprocessing = 0;
		};
		D0DC21BD19DC6F9900869989 /* Resources */ = {
			isa = PBXResourcesBuildPhase;
			buildActionMask = 2147483647;
			files = (
			);
			runOnlyForDeploymentPostprocessing = 0;
		};
/* End PBXResourcesBuildPhase section */

/* Begin PBXSourcesBuildPhase section */
		D0DC21A619DC6F9900869989 /* Sources */ = {
			isa = PBXSourcesBuildPhase;
			buildActionMask = 2147483647;
			files = (
				D0DC21B219DC6F9900869989 /* ViewController.swift in Sources */,
				D0DC21B019DC6F9900869989 /* AppDelegate.swift in Sources */,
			);
			runOnlyForDeploymentPostprocessing = 0;
		};
		D0DC21BB19DC6F9900869989 /* Sources */ = {
			isa = PBXSourcesBuildPhase;
			buildActionMask = 2147483647;
			files = (
				D0DC21C619DC6F9900869989 /* MySafariTests.swift in Sources */,
			);
			runOnlyForDeploymentPostprocessing = 0;
		};
/* End PBXSourcesBuildPhase section */

/* Begin PBXTargetDependency section */
		D0DC21C119DC6F9900869989 /* PBXTargetDependency */ = {
			isa = PBXTargetDependency;
			target = D0DC21A919DC6F9900869989 /* MySafari */;
			targetProxy = D0DC21C019DC6F9900869989 /* PBXContainerItemProxy */;
		};
/* End PBXTargetDependency section */

/* Begin PBXVariantGroup section */
		D0DC21B319DC6F9900869989 /* Main.storyboard */ = {
			isa = PBXVariantGroup;
			children = (
				D0DC21B419DC6F9900869989 /* Base */,
			);
			name = Main.storyboard;
			sourceTree = "<group>";
		};
		D0DC21B819DC6F9900869989 /* LaunchScreen.xib */ = {
			isa = PBXVariantGroup;
			children = (
				D0DC21B919DC6F9900869989 /* Base */,
			);
			name = LaunchScreen.xib;
			sourceTree = "<group>";
		};
/* End PBXVariantGroup section */

/* Begin XCBuildConfiguration section */
		D0DC21C719DC6F9900869989 /* Debug */ = {
			isa = XCBuildConfiguration;
			buildSettings = {
				ALWAYS_SEARCH_USER_PATHS = NO;
				CLANG_CXX_LANGUAGE_STANDARD = "gnu++0x";
				CLANG_CXX_LIBRARY = "libc++";
				CLANG_ENABLE_MODULES = YES;
				CLANG_ENABLE_OBJC_ARC = YES;
				CLANG_WARN_BOOL_CONVERSION = YES;
				CLANG_WARN_CONSTANT_CONVERSION = YES;
				CLANG_WARN_DIRECT_OBJC_ISA_USAGE = YES_ERROR;
				CLANG_WARN_EMPTY_BODY = YES;
				CLANG_WARN_ENUM_CONVERSION = YES;
				CLANG_WARN_INT_CONVERSION = YES;
				CLANG_WARN_OBJC_ROOT_CLASS = YES_ERROR;
				CLANG_WARN_UNREACHABLE_CODE = YES;
				CLANG_WARN__DUPLICATE_METHOD_MATCH = YES;
				"CODE_SIGN_IDENTITY[sdk=iphoneos*]" = "iPhone Developer";
				COPY_PHASE_STRIP = NO;
				ENABLE_STRICT_OBJC_MSGSEND = YES;
				GCC_C_LANGUAGE_STANDARD = gnu99;
				GCC_DYNAMIC_NO_PIC = NO;
				GCC_OPTIMIZATION_LEVEL = 0;
				GCC_PREPROCESSOR_DEFINITIONS = (
					"DEBUG=1",
					"$(inherited)",
				);
				GCC_SYMBOLS_PRIVATE_EXTERN = NO;
				GCC_WARN_64_TO_32_BIT_CONVERSION = YES;
				GCC_WARN_ABOUT_RETURN_TYPE = YES_ERROR;
				GCC_WARN_UNDECLARED_SELECTOR = YES;
				GCC_WARN_UNINITIALIZED_AUTOS = YES_AGGRESSIVE;
				GCC_WARN_UNUSED_FUNCTION = YES;
				GCC_WARN_UNUSED_VARIABLE = YES;
				IPHONEOS_DEPLOYMENT_TARGET = 8.0;
				MTL_ENABLE_DEBUG_INFO = YES;
				ONLY_ACTIVE_ARCH = YES;
				SDKROOT = iphoneos;
				SWIFT_OPTIMIZATION_LEVEL = "-Onone";
			};
			name = Debug;
		};
		D0DC21C819DC6F9900869989 /* Release */ = {
			isa = XCBuildConfiguration;
			buildSettings = {
				ALWAYS_SEARCH_USER_PATHS = NO;
				CLANG_CXX_LANGUAGE_STANDARD = "gnu++0x";
				CLANG_CXX_LIBRARY = "libc++";
				CLANG_ENABLE_MODULES = YES;
				CLANG_ENABLE_OBJC_ARC = YES;
				CLANG_WARN_BOOL_CONVERSION = YES;
				CLANG_WARN_CONSTANT_CONVERSION = YES;
				CLANG_WARN_DIRECT_OBJC_ISA_USAGE = YES_ERROR;
				CLANG_WARN_EMPTY_BODY = YES;
				CLANG_WARN_ENUM_CONVERSION = YES;
				CLANG_WARN_INT_CONVERSION = YES;
				CLANG_WARN_OBJC_ROOT_CLASS = YES_ERROR;
				CLANG_WARN_UNREACHABLE_CODE = YES;
				CLANG_WARN__DUPLICATE_METHOD_MATCH = YES;
				"CODE_SIGN_IDENTITY[sdk=iphoneos*]" = "iPhone Developer";
				COPY_PHASE_STRIP = YES;
				ENABLE_NS_ASSERTIONS = NO;
				ENABLE_STRICT_OBJC_MSGSEND = YES;
				GCC_C_LANGUAGE_STANDARD = gnu99;
				GCC_WARN_64_TO_32_BIT_CONVERSION = YES;
				GCC_WARN_ABOUT_RETURN_TYPE = YES_ERROR;
				GCC_WARN_UNDECLARED_SELECTOR = YES;
				GCC_WARN_UNINITIALIZED_AUTOS = YES_AGGRESSIVE;
				GCC_WARN_UNUSED_FUNCTION = YES;
				GCC_WARN_UNUSED_VARIABLE = YES;
				IPHONEOS_DEPLOYMENT_TARGET = 8.0;
				MTL_ENABLE_DEBUG_INFO = NO;
				SDKROOT = iphoneos;
				VALIDATE_PRODUCT = YES;
			};
			name = Release;
		};
		D0DC21CA19DC6F9900869989 /* Debug */ = {
			isa = XCBuildConfiguration;
			buildSettings = {
				ASSETCATALOG_COMPILER_APPICON_NAME = AppIcon;
				INFOPLIST_FILE = MySafari/Info.plist;
				LD_RUNPATH_SEARCH_PATHS = "$(inherited) @executable_path/Frameworks";
				PRODUCT_NAME = "$(TARGET_NAME)";
			};
			name = Debug;
		};
		D0DC21CB19DC6F9900869989 /* Release */ = {
			isa = XCBuildConfiguration;
			buildSettings = {
				ASSETCATALOG_COMPILER_APPICON_NAME = AppIcon;
				INFOPLIST_FILE = MySafari/Info.plist;
				LD_RUNPATH_SEARCH_PATHS = "$(inherited) @executable_path/Frameworks";
				PRODUCT_NAME = "$(TARGET_NAME)";
			};
			name = Release;
		};
		D0DC21CD19DC6F9900869989 /* Debug */ = {
			isa = XCBuildConfiguration;
			buildSettings = {
				BUNDLE_LOADER = "$(TEST_HOST)";
				FRAMEWORK_SEARCH_PATHS = (
					"$(SDKROOT)/Developer/Library/Frameworks",
					"$(inherited)",
				);
				GCC_PREPROCESSOR_DEFINITIONS = (
					"DEBUG=1",
					"$(inherited)",
				);
				INFOPLIST_FILE = MySafariTests/Info.plist;
				LD_RUNPATH_SEARCH_PATHS = "$(inherited) @executable_path/Frameworks @loader_path/Frameworks";
				PRODUCT_NAME = "$(TARGET_NAME)";
				TEST_HOST = "$(BUILT_PRODUCTS_DIR)/MySafari.app/MySafari";
			};
			name = Debug;
		};
		D0DC21CE19DC6F9900869989 /* Release */ = {
			isa = XCBuildConfiguration;
			buildSettings = {
				BUNDLE_LOADER = "$(TEST_HOST)";
				FRAMEWORK_SEARCH_PATHS = (
					"$(SDKROOT)/Developer/Library/Frameworks",
					"$(inherited)",
				);
				INFOPLIST_FILE = MySafariTests/Info.plist;
				LD_RUNPATH_SEARCH_PATHS = "$(inherited) @executable_path/Frameworks @loader_path/Frameworks";
				PRODUCT_NAME = "$(TARGET_NAME)";
				TEST_HOST = "$(BUILT_PRODUCTS_DIR)/MySafari.app/MySafari";
			};
			name = Release;
		};
/* End XCBuildConfiguration section */

/* Begin XCConfigurationList section */
		D0DC21A519DC6F9900869989 /* Build configuration list for PBXProject "MySafari" */ = {
			isa = XCConfigurationList;
			buildConfigurations = (
				D0DC21C719DC6F9900869989 /* Debug */,
				D0DC21C819DC6F9900869989 /* Release */,
			);
			defaultConfigurationIsVisible = 0;
			defaultConfigurationName = Release;
		};
		D0DC21C919DC6F9900869989 /* Build configuration list for PBXNativeTarget "MySafari" */ = {
			isa = XCConfigurationList;
			buildConfigurations = (
				D0DC21CA19DC6F9900869989 /* Debug */,
				D0DC21CB19DC6F9900869989 /* Release */,
			);
			defaultConfigurationIsVisible = 0;
		};
		D0DC21CC19DC6F9900869989 /* Build configuration list for PBXNativeTarget "MySafariTests" */ = {
			isa = XCConfigurationList;
			buildConfigurations = (
				D0DC21CD19DC6F9900869989 /* Debug */,
				D0DC21CE19DC6F9900869989 /* Release */,
			);
			defaultConfigurationIsVisible = 0;
		};
/* End XCConfigurationList section */
	};
	rootObject = D0DC21A219DC6F9900869989 /* Project object */;
}
